
Microsoft Visual Studio Solution File, Format Version 12.00
# Visual Studio Version 17
VisualStudioVersion = 17.10.35004.147
MinimumVisualStudioVersion = 10.0.40219.1
Project("{FAE04EC0-301F-11D3-BF4B-00C04F79EFBC}") = "TestCell", "TestCell.csproj", "{BFA1A3D9-C0DE-479C-8203-E58A10C3DFE5}"
EndProject
Global
	GlobalSection(SolutionConfigurationPlatforms) = preSolution
		Debug|Any CPU = Debug|Any CPU
		Release|Any CPU = Release|Any CPU
	EndGlobalSection
	GlobalSection(ProjectConfigurationPlatforms) = postSolution
		{BFA1A3D9-C0DE-479C-8203-E58A10C3DFE5}.Debug|Any CPU.ActiveCfg = Debug|Any CPU
		{BFA1A3D9-C0DE-479C-8203-E58A10C3DFE5}.Debug|Any CPU.Build.0 = Debug|Any CPU
		{BFA1A3D9-C0DE-479C-8203-E58A10C3DFE5}.Release|Any CPU.ActiveCfg = Release|Any CPU
		{BFA1A3D9-C0DE-479C-8203-E58A10C3DFE5}.Release|Any CPU.Build.0 = Release|Any CPU
	EndGlobalSection
	GlobalSection(SolutionProperties) = preSolution
		HideSolutionNode = FALSE
	EndGlobalSection
	GlobalSection(ExtensibilityGlobals) = postSolution
		SolutionGuid = {72121DFF-2A17-46C1-B4A4-7582891CCB51}
	EndGlobalSection
EndGlobal
